// !$*UTF8*$!
{
	archiveVersion = 1;
	classes = {
	};
	objectVersion = 56;
	objects = {

/* Begin PBXBuildFile section */
		182890892AA194AD00E226AE /* AppDelegate.swift in Sources */ = {isa = PBXBuildFile; fileRef = 182890882AA194AD00E226AE /* AppDelegate.swift */; };
		1828908B2AA194AD00E226AE /* SceneDelegate.swift in Sources */ = {isa = PBXBuildFile; fileRef = 1828908A2AA194AD00E226AE /* SceneDelegate.swift */; };
		182890902AA194AD00E226AE /* Main.storyboard in Resources */ = {isa = PBXBuildFile; fileRef = 1828908E2AA194AD00E226AE /* Main.storyboard */; };
		182890922AA194AE00E226AE /* Assets.xcassets in Resources */ = {isa = PBXBuildFile; fileRef = 182890912AA194AE00E226AE /* Assets.xcassets */; };
		182890952AA194AE00E226AE /* LaunchScreen.storyboard in Resources */ = {isa = PBXBuildFile; fileRef = 182890932AA194AE00E226AE /* LaunchScreen.storyboard */; };
		1828909D2AA195F400E226AE /* TaskListController.swift in Sources */ = {isa = PBXBuildFile; fileRef = 1828909C2AA195F400E226AE /* TaskListController.swift */; };
		182890A02AA19A9C00E226AE /* Task.swift in Sources */ = {isa = PBXBuildFile; fileRef = 1828909F2AA19A9C00E226AE /* Task.swift */; };
		182890A22AA19CF500E226AE /* TaskStorage.swift in Sources */ = {isa = PBXBuildFile; fileRef = 182890A12AA19CF500E226AE /* TaskStorage.swift */; };
		182890A62AA1ABBA00E226AE /* TaskCell.swift in Sources */ = {isa = PBXBuildFile; fileRef = 182890A52AA1ABBA00E226AE /* TaskCell.swift */; };
		187C88782AA8377B003BD1AB /* TaskEditController.swift in Sources */ = {isa = PBXBuildFile; fileRef = 187C88772AA8377B003BD1AB /* TaskEditController.swift */; };
		187C887A2AA8442B003BD1AB /* TaskTypeController.swift in Sources */ = {isa = PBXBuildFile; fileRef = 187C88792AA8442B003BD1AB /* TaskTypeController.swift */; };
/* End PBXBuildFile section */

/* Begin PBXFileReference section */
		182890852AA194AD00E226AE /* To-DoManager.app */ = {isa = PBXFileReference; explicitFileType = wrapper.application; includeInIndex = 0; path = "To-DoManager.app"; sourceTree = BUILT_PRODUCTS_DIR; };
		182890882AA194AD00E226AE /* AppDelegate.swift */ = {isa = PBXFileReference; lastKnownFileType = sourcecode.swift; path = AppDelegate.swift; sourceTree = "<group>"; };
		1828908A2AA194AD00E226AE /* SceneDelegate.swift */ = {isa = PBXFileReference; lastKnownFileType = sourcecode.swift; path = SceneDelegate.swift; sourceTree = "<group>"; };
		1828908F2AA194AD00E226AE /* Base */ = {isa = PBXFileReference; lastKnownFileType = file.storyboard; name = Base; path = Base.lproj/Main.storyboard; sourceTree = "<group>"; };
		182890912AA194AE00E226AE /* Assets.xcassets */ = {isa = PBXFileReference; lastKnownFileType = folder.assetcatalog; path = Assets.xcassets; sourceTree = "<group>"; };
		182890942AA194AE00E226AE /* Base */ = {isa = PBXFileReference; lastKnownFileType = file.storyboard; name = Base; path = Base.lproj/LaunchScreen.storyboard; sourceTree = "<group>"; };
		182890962AA194AE00E226AE /* Info.plist */ = {isa = PBXFileReference; lastKnownFileType = text.plist.xml; path = Info.plist; sourceTree = "<group>"; };
		1828909C2AA195F400E226AE /* TaskListController.swift */ = {isa = PBXFileReference; lastKnownFileType = sourcecode.swift; path = TaskListController.swift; sourceTree = "<group>"; };
		1828909F2AA19A9C00E226AE /* Task.swift */ = {isa = PBXFileReference; lastKnownFileType = sourcecode.swift; path = Task.swift; sourceTree = "<group>"; };
		182890A12AA19CF500E226AE /* TaskStorage.swift */ = {isa = PBXFileReference; lastKnownFileType = sourcecode.swift; path = TaskStorage.swift; sourceTree = "<group>"; };
		182890A52AA1ABBA00E226AE /* TaskCell.swift */ = {isa = PBXFileReference; lastKnownFileType = sourcecode.swift; path = TaskCell.swift; sourceTree = "<group>"; };
		187C88772AA8377B003BD1AB /* TaskEditController.swift */ = {isa = PBXFileReference; lastKnownFileType = sourcecode.swift; path = TaskEditController.swift; sourceTree = "<group>"; };
		187C88792AA8442B003BD1AB /* TaskTypeController.swift */ = {isa = PBXFileReference; lastKnownFileType = sourcecode.swift; path = TaskTypeController.swift; sourceTree = "<group>"; };
/* End PBXFileReference section */

/* Begin PBXFrameworksBuildPhase section */
		182890822AA194AD00E226AE /* Frameworks */ = {
			isa = PBXFrameworksBuildPhase;
			buildActionMask = 2147483647;
			files = (
			);
			runOnlyForDeploymentPostprocessing = 0;
		};
/* End PBXFrameworksBuildPhase section */

/* Begin PBXGroup section */
		1828907C2AA194AD00E226AE = {
			isa = PBXGroup;
			children = (
				182890872AA194AD00E226AE /* To-DoManager */,
				182890862AA194AD00E226AE /* Products */,
			);
			sourceTree = "<group>";
		};
		182890862AA194AD00E226AE /* Products */ = {
			isa = PBXGroup;
			children = (
				182890852AA194AD00E226AE /* To-DoManager.app */,
			);
			name = Products;
			sourceTree = "<group>";
		};
		182890872AA194AD00E226AE /* To-DoManager */ = {
			isa = PBXGroup;
			children = (
				182890A32AA1AB7100E226AE /* View */,
				1828909E2AA19A8700E226AE /* Model */,
				182890882AA194AD00E226AE /* AppDelegate.swift */,
				1828908A2AA194AD00E226AE /* SceneDelegate.swift */,
				1828909C2AA195F400E226AE /* TaskListController.swift */,
				187C88772AA8377B003BD1AB /* TaskEditController.swift */,
				187C88792AA8442B003BD1AB /* TaskTypeController.swift */,
				1828908E2AA194AD00E226AE /* Main.storyboard */,
				182890912AA194AE00E226AE /* Assets.xcassets */,
				182890932AA194AE00E226AE /* LaunchScreen.storyboard */,
				182890962AA194AE00E226AE /* Info.plist */,
			);
			path = "To-DoManager";
			sourceTree = "<group>";
		};
		1828909E2AA19A8700E226AE /* Model */ = {
			isa = PBXGroup;
			children = (
				1828909F2AA19A9C00E226AE /* Task.swift */,
				182890A12AA19CF500E226AE /* TaskStorage.swift */,
			);
			path = Model;
			sourceTree = "<group>";
		};
		182890A32AA1AB7100E226AE /* View */ = {
			isa = PBXGroup;
			children = (
				182890A42AA1AB7B00E226AE /* Cells */,
			);
			path = View;
			sourceTree = "<group>";
		};
		182890A42AA1AB7B00E226AE /* Cells */ = {
			isa = PBXGroup;
			children = (
				182890A52AA1ABBA00E226AE /* TaskCell.swift */,
			);
			path = Cells;
			sourceTree = "<group>";
		};
/* End PBXGroup section */

/* Begin PBXNativeTarget section */
		182890842AA194AD00E226AE /* To-DoManager */ = {
			isa = PBXNativeTarget;
			buildConfigurationList = 182890992AA194AE00E226AE /* Build configuration list for PBXNativeTarget "To-DoManager" */;
			buildPhases = (
				182890812AA194AD00E226AE /* Sources */,
				182890822AA194AD00E226AE /* Frameworks */,
				182890832AA194AD00E226AE /* Resources */,
			);
			buildRules = (
			);
			dependencies = (
			);
			name = "To-DoManager";
			productName = "To-DoManager";
			productReference = 182890852AA194AD00E226AE /* To-DoManager.app */;
			productType = "com.apple.product-type.application";
		};
/* End PBXNativeTarget section */

/* Begin PBXProject section */
		1828907D2AA194AD00E226AE /* Project object */ = {
			isa = PBXProject;
			attributes = {
				BuildIndependentTargetsInParallel = 1;
				LastSwiftUpdateCheck = 1430;
				LastUpgradeCheck = 1430;
				TargetAttributes = {
					182890842AA194AD00E226AE = {
						CreatedOnToolsVersion = 14.3.1;
					};
				};
			};
			buildConfigurationList = 182890802AA194AD00E226AE /* Build configuration list for PBXProject "To-DoManager" */;
			compatibilityVersion = "Xcode 14.0";
			developmentRegion = en;
			hasScannedForEncodings = 0;
			knownRegions = (
				en,
				Base,
			);
			mainGroup = 1828907C2AA194AD00E226AE;
			productRefGroup = 182890862AA194AD00E226AE /* Products */;
			projectDirPath = "";
			projectRoot = "";
			targets = (
				182890842AA194AD00E226AE /* To-DoManager */,
			);
		};
/* End PBXProject section */

/* Begin PBXResourcesBuildPhase section */
		182890832AA194AD00E226AE /* Resources */ = {
			isa = PBXResourcesBuildPhase;
			buildActionMask = 2147483647;
			files = (
				182890952AA194AE00E226AE /* LaunchScreen.storyboard in Resources */,
				182890922AA194AE00E226AE /* Assets.xcassets in Resources */,
				182890902AA194AD00E226AE /* Main.storyboard in Resources */,
			);
			runOnlyForDeploymentPostprocessing = 0;
		};
/* End PBXResourcesBuildPhase section */

/* Begin PBXSourcesBuildPhase section */
		182890812AA194AD00E226AE /* Sources */ = {
			isa = PBXSourcesBuildPhase;
			buildActionMask = 2147483647;
			files = (
				182890A02AA19A9C00E226AE /* Task.swift in Sources */,
				182890892AA194AD00E226AE /* AppDelegate.swift in Sources */,
				1828908B2AA194AD00E226AE /* SceneDelegate.swift in Sources */,
				182890A22AA19CF500E226AE /* TaskStorage.swift in Sources */,
				187C887A2AA8442B003BD1AB /* TaskTypeController.swift in Sources */,
				182890A62AA1ABBA00E226AE /* TaskCell.swift in Sources */,
				1828909D2AA195F400E226AE /* TaskListController.swift in Sources */,
				187C88782AA8377B003BD1AB /* TaskEditController.swift in Sources */,
			);
			runOnlyForDeploymentPostprocessing = 0;
		};
/* End PBXSourcesBuildPhase section */

/* Begin PBXVariantGroup section */
		1828908E2AA194AD00E226AE /* Main.storyboard */ = {
			isa = PBXVariantGroup;
			children = (
				1828908F2AA194AD00E226AE /* Base */,
			);
			name = Main.storyboard;
			sourceTree = "<group>";
		};
		182890932AA194AE00E226AE /* LaunchScreen.storyboard */ = {
			isa = PBXVariantGroup;
			children = (
				182890942AA194AE00E226AE /* Base */,
			);
			name = LaunchScreen.storyboard;
			sourceTree = "<group>";
		};
/* End PBXVariantGroup section */

/* Begin XCBuildConfiguration section */
		182890972AA194AE00E226AE /* Debug */ = {
			isa = XCBuildConfiguration;
			buildSettings = {
				ALWAYS_SEARCH_USER_PATHS = NO;
				CLANG_ANALYZER_NONNULL = YES;
				CLANG_ANALYZER_NUMBER_OBJECT_CONVERSION = YES_AGGRESSIVE;
				CLANG_CXX_LANGUAGE_STANDARD = "gnu++20";
				CLANG_ENABLE_MODULES = YES;
				CLANG_ENABLE_OBJC_ARC = YES;
				CLANG_ENABLE_OBJC_WEAK = YES;
				CLANG_WARN_BLOCK_CAPTURE_AUTORELEASING = YES;
				CLANG_WARN_BOOL_CONVERSION = YES;
				CLANG_WARN_COMMA = YES;
				CLANG_WARN_CONSTANT_CONVERSION = YES;
				CLANG_WARN_DEPRECATED_OBJC_IMPLEMENTATIONS = YES;
				CLANG_WARN_DIRECT_OBJC_ISA_USAGE = YES_ERROR;
				CLANG_WARN_DOCUMENTATION_COMMENTS = YES;
				CLANG_WARN_EMPTY_BODY = YES;
				CLANG_WARN_ENUM_CONVERSION = YES;
				CLANG_WARN_INFINITE_RECURSION = YES;
				CLANG_WARN_INT_CONVERSION = YES;
				CLANG_WARN_NON_LITERAL_NULL_CONVERSION = YES;
				CLANG_WARN_OBJC_IMPLICIT_RETAIN_SELF = YES;
				CLANG_WARN_OBJC_LITERAL_CONVERSION = YES;
				CLANG_WARN_OBJC_ROOT_CLASS = YES_ERROR;
				CLANG_WARN_QUOTED_INCLUDE_IN_FRAMEWORK_HEADER = YES;
				CLANG_WARN_RANGE_LOOP_ANALYSIS = YES;
				CLANG_WARN_STRICT_PROTOTYPES = YES;
				CLANG_WARN_SUSPICIOUS_MOVE = YES;
				CLANG_WARN_UNGUARDED_AVAILABILITY = YES_AGGRESSIVE;
				CLANG_WARN_UNREACHABLE_CODE = YES;
				CLANG_WARN__DUPLICATE_METHOD_MATCH = YES;
				COPY_PHASE_STRIP = NO;
				DEBUG_INFORMATION_FORMAT = dwarf;
				ENABLE_STRICT_OBJC_MSGSEND = YES;
				ENABLE_TESTABILITY = YES;
				GCC_C_LANGUAGE_STANDARD = gnu11;
				GCC_DYNAMIC_NO_PIC = NO;
				GCC_NO_COMMON_BLOCKS = YES;
				GCC_OPTIMIZATION_LEVEL = 0;
				GCC_PREPROCESSOR_DEFINITIONS = (
					"DEBUG=1",
					"$(inherited)",
				);
				GCC_WARN_64_TO_32_BIT_CONVERSION = YES;
				GCC_WARN_ABOUT_RETURN_TYPE = YES_ERROR;
				GCC_WARN_UNDECLARED_SELECTOR = YES;
				GCC_WARN_UNINITIALIZED_AUTOS = YES_AGGRESSIVE;
				GCC_WARN_UNUSED_FUNCTION = YES;
				GCC_WARN_UNUSED_VARIABLE = YES;
				IPHONEOS_DEPLOYMENT_TARGET = 16.4;
				MTL_ENABLE_DEBUG_INFO = INCLUDE_SOURCE;
				MTL_FAST_MATH = YES;
				ONLY_ACTIVE_ARCH = YES;
				SDKROOT = iphoneos;
				SWIFT_ACTIVE_COMPILATION_CONDITIONS = DEBUG;
				SWIFT_OPTIMIZATION_LEVEL = "-Onone";
			};
			name = Debug;
		};
		182890982AA194AE00E226AE /* Release */ = {
			isa = XCBuildConfiguration;
			buildSettings = {
				ALWAYS_SEARCH_USER_PATHS = NO;
				CLANG_ANALYZER_NONNULL = YES;
				CLANG_ANALYZER_NUMBER_OBJECT_CONVERSION = YES_AGGRESSIVE;
				CLANG_CXX_LANGUAGE_STANDARD = "gnu++20";
				CLANG_ENABLE_MODULES = YES;
				CLANG_ENABLE_OBJC_ARC = YES;
				CLANG_ENABLE_OBJC_WEAK = YES;
				CLANG_WARN_BLOCK_CAPTURE_AUTORELEASING = YES;
				CLANG_WARN_BOOL_CONVERSION = YES;
				CLANG_WARN_COMMA = YES;
				CLANG_WARN_CONSTANT_CONVERSION = YES;
				CLANG_WARN_DEPRECATED_OBJC_IMPLEMENTATIONS = YES;
				CLANG_WARN_DIRECT_OBJC_ISA_USAGE = YES_ERROR;
				CLANG_WARN_DOCUMENTATION_COMMENTS = YES;
				CLANG_WARN_EMPTY_BODY = YES;
				CLANG_WARN_ENUM_CONVERSION = YES;
				CLANG_WARN_INFINITE_RECURSION = YES;
				CLANG_WARN_INT_CONVERSION = YES;
				CLANG_WARN_NON_LITERAL_NULL_CONVERSION = YES;
				CLANG_WARN_OBJC_IMPLICIT_RETAIN_SELF = YES;
				CLANG_WARN_OBJC_LITERAL_CONVERSION = YES;
				CLANG_WARN_OBJC_ROOT_CLASS = YES_ERROR;
				CLANG_WARN_QUOTED_INCLUDE_IN_FRAMEWORK_HEADER = YES;
				CLANG_WARN_RANGE_LOOP_ANALYSIS = YES;
				CLANG_WARN_STRICT_PROTOTYPES = YES;
				CLANG_WARN_SUSPICIOUS_MOVE = YES;
				CLANG_WARN_UNGUARDED_AVAILABILITY = YES_AGGRESSIVE;
				CLANG_WARN_UNREACHABLE_CODE = YES;
				CLANG_WARN__DUPLICATE_METHOD_MATCH = YES;
				COPY_PHASE_STRIP = NO;
				DEBUG_INFORMATION_FORMAT = "dwarf-with-dsym";
				ENABLE_NS_ASSERTIONS = NO;
				ENABLE_STRICT_OBJC_MSGSEND = YES;
				GCC_C_LANGUAGE_STANDARD = gnu11;
				GCC_NO_COMMON_BLOCKS = YES;
				GCC_WARN_64_TO_32_BIT_CONVERSION = YES;
				GCC_WARN_ABOUT_RETURN_TYPE = YES_ERROR;
				GCC_WARN_UNDECLARED_SELECTOR = YES;
				GCC_WARN_UNINITIALIZED_AUTOS = YES_AGGRESSIVE;
				GCC_WARN_UNUSED_FUNCTION = YES;
				GCC_WARN_UNUSED_VARIABLE = YES;
				IPHONEOS_DEPLOYMENT_TARGET = 16.4;
				MTL_ENABLE_DEBUG_INFO = NO;
				MTL_FAST_MATH = YES;
				SDKROOT = iphoneos;
				SWIFT_COMPILATION_MODE = wholemodule;
				SWIFT_OPTIMIZATION_LEVEL = "-O";
				VALIDATE_PRODUCT = YES;
			};
			name = Release;
		};
		1828909A2AA194AE00E226AE /* Debug */ = {
			isa = XCBuildConfiguration;
			buildSettings = {
				ASSETCATALOG_COMPILER_APPICON_NAME = AppIcon;
				ASSETCATALOG_COMPILER_GLOBAL_ACCENT_COLOR_NAME = AccentColor;
				CODE_SIGN_STYLE = Automatic;
				CURRENT_PROJECT_VERSION = 1;
				DEVELOPMENT_TEAM = P5JPX93769;
				GENERATE_INFOPLIST_FILE = YES;
				INFOPLIST_FILE = "To-DoManager/Info.plist";
				INFOPLIST_KEY_UIApplicationSupportsIndirectInputEvents = YES;
				INFOPLIST_KEY_UILaunchStoryboardName = LaunchScreen;
				INFOPLIST_KEY_UIMainStoryboardFile = Main;
				INFOPLIST_KEY_UISupportedInterfaceOrientations_iPad = "UIInterfaceOrientationPortrait UIInterfaceOrientationPortraitUpsideDown UIInterfaceOrientationLandscapeLeft UIInterfaceOrientationLandscapeRight";
				INFOPLIST_KEY_UISupportedInterfaceOrientations_iPhone = "UIInterfaceOrientationPortrait UIInterfaceOrientationLandscapeLeft UIInterfaceOrientationLandscapeRight";
				LD_RUNPATH_SEARCH_PATHS = (
					"$(inherited)",
					"@executable_path/Frameworks",
				);
				MARKETING_VERSION = 1.0;
				PRODUCT_BUNDLE_IDENTIFIER = "ali.To-DoManager";
				PRODUCT_NAME = "$(TARGET_NAME)";
				SWIFT_EMIT_LOC_STRINGS = YES;
				SWIFT_VERSION = 5.0;
				TARGETED_DEVICE_FAMILY = 1;
			};
			name = Debug;
		};
		1828909B2AA194AE00E226AE /* Release */ = {
			isa = XCBuildConfiguration;
			buildSettings = {
				ASSETCATALOG_COMPILER_APPICON_NAME = AppIcon;
				ASSETCATALOG_COMPILER_GLOBAL_ACCENT_COLOR_NAME = AccentColor;
				CODE_SIGN_STYLE = Automatic;
				CURRENT_PROJECT_VERSION = 1;
				DEVELOPMENT_TEAM = P5JPX93769;
				GENERATE_INFOPLIST_FILE = YES;
				INFOPLIST_FILE = "To-DoManager/Info.plist";
				INFOPLIST_KEY_UIApplicationSupportsIndirectInputEvents = YES;
				INFOPLIST_KEY_UILaunchStoryboardName = LaunchScreen;
				INFOPLIST_KEY_UIMainStoryboardFile = Main;
				INFOPLIST_KEY_UISupportedInterfaceOrientations_iPad = "UIInterfaceOrientationPortrait UIInterfaceOrientationPortraitUpsideDown UIInterfaceOrientationLandscapeLeft UIInterfaceOrientationLandscapeRight";
				INFOPLIST_KEY_UISupportedInterfaceOrientations_iPhone = "UIInterfaceOrientationPortrait UIInterfaceOrientationLandscapeLeft UIInterfaceOrientationLandscapeRight";
				LD_RUNPATH_SEARCH_PATHS = (
					"$(inherited)",
					"@executable_path/Frameworks",
				);
				MARKETING_VERSION = 1.0;
				PRODUCT_BUNDLE_IDENTIFIER = "ali.To-DoManager";
				PRODUCT_NAME = "$(TARGET_NAME)";
				SWIFT_EMIT_LOC_STRINGS = YES;
				SWIFT_VERSION = 5.0;
				TARGETED_DEVICE_FAMILY = 1;
			};
			name = Release;
		};
/* End XCBuildConfiguration section */

/* Begin XCConfigurationList section */
		182890802AA194AD00E226AE /* Build configuration list for PBXProject "To-DoManager" */ = {
			isa = XCConfigurationList;
			buildConfigurations = (
				182890972AA194AE00E226AE /* Debug */,
				182890982AA194AE00E226AE /* Release */,
			);
			defaultConfigurationIsVisible = 0;
			defaultConfigurationName = Release;
		};
		182890992AA194AE00E226AE /* Build configuration list for PBXNativeTarget "To-DoManager" */ = {
			isa = XCConfigurationList;
			buildConfigurations = (
				1828909A2AA194AE00E226AE /* Debug */,
				1828909B2AA194AE00E226AE /* Release */,
			);
			defaultConfigurationIsVisible = 0;
			defaultConfigurationName = Release;
		};
/* End XCConfigurationList section */
	};
	rootObject = 1828907D2AA194AD00E226AE /* Project object */;
}
